
Microsoft Visual Studio Solution File, Format Version 12.00
# Visual Studio 2012
Project("{FAE04EC0-301F-11D3-BF4B-00C04F79EFBC}") = "HelloWorldPhoton", "HelloWorldPhoton\HelloWorldPhoton.csproj", "{9C47C46B-164A-41E6-B97A-7C2F1FDF3CEF}"
EndProject
Global
	GlobalSection(SolutionConfigurationPlatforms) = preSolution
		Debug|Any CPU = Debug|Any CPU
		Release|Any CPU = Release|Any CPU
	EndGlobalSection
	GlobalSection(ProjectConfigurationPlatforms) = postSolution
		{9C47C46B-164A-41E6-B97A-7C2F1FDF3CEF}.Debug|Any CPU.ActiveCfg = Debug|Any CPU
		{9C47C46B-164A-41E6-B97A-7C2F1FDF3CEF}.Debug|Any CPU.Build.0 = Debug|Any CPU
		{9C47C46B-164A-41E6-B97A-7C2F1FDF3CEF}.Release|Any CPU.ActiveCfg = Release|Any CPU
		{9C47C46B-164A-41E6-B97A-7C2F1FDF3CEF}.Release|Any CPU.Build.0 = Release|Any CPU
	EndGlobalSection
	GlobalSection(SolutionProperties) = preSolution
		HideSolutionNode = FALSE
	EndGlobalSection
EndGlobal
